
Microsoft Visual Studio Solution File, Format Version 12.00
# Visual Studio 15
VisualStudioVersion = 15.0.27703.2047
MinimumVisualStudioVersion = 10.0.40219.1
Project("{9A19103F-16F7-4668-BE54-9A1E7A4F7556}") = "Bas.RedYarn", "Bas.RedYarn\Bas.RedYarn.csproj", "{840D10B1-7CD3-4ADE-84A4-541A697219EA}"
EndProject
Project("{9A19103F-16F7-4668-BE54-9A1E7A4F7556}") = "Bas.RedYarn.Tests", "Bas.RedYarn.Tests\Bas.RedYarn.Tests.csproj", "{DBBA49E2-273F-497B-BE19-0F360EC2FE5A}"
EndProject
Project("{9A19103F-16F7-4668-BE54-9A1E7A4F7556}") = "Bas.RedYarn.WebApp", "Bas.RedYarn.WebApp\Bas.RedYarn.WebApp.csproj", "{BDE1BA1C-A59E-4F01-AA56-8CB2CEF7C537}"
EndProject
Project("{FAE04EC0-301F-11D3-BF4B-00C04F79EFBC}") = "Bas.RedYarn.WebApp.Tests", "Bas.RedYarn.WebApp.Tests\Bas.RedYarn.WebApp.Tests.csproj", "{627E05C5-617A-4890-917F-4C36E610ACBC}"
EndProject
Global
	GlobalSection(SolutionConfigurationPlatforms) = preSolution
		Debug|Any CPU = Debug|Any CPU
		Release|Any CPU = Release|Any CPU
	EndGlobalSection
	GlobalSection(ProjectConfigurationPlatforms) = postSolution
		{840D10B1-7CD3-4ADE-84A4-541A697219EA}.Debug|Any CPU.ActiveCfg = Debug|Any CPU
		{840D10B1-7CD3-4ADE-84A4-541A697219EA}.Debug|Any CPU.Build.0 = Debug|Any CPU
		{840D10B1-7CD3-4ADE-84A4-541A697219EA}.Release|Any CPU.ActiveCfg = Release|Any CPU
		{840D10B1-7CD3-4ADE-84A4-541A697219EA}.Release|Any CPU.Build.0 = Release|Any CPU
		{DBBA49E2-273F-497B-BE19-0F360EC2FE5A}.Debug|Any CPU.ActiveCfg = Debug|Any CPU
		{DBBA49E2-273F-497B-BE19-0F360EC2FE5A}.Debug|Any CPU.Build.0 = Debug|Any CPU
		{DBBA49E2-273F-497B-BE19-0F360EC2FE5A}.Release|Any CPU.ActiveCfg = Release|Any CPU
		{DBBA49E2-273F-497B-BE19-0F360EC2FE5A}.Release|Any CPU.Build.0 = Release|Any CPU
		{BDE1BA1C-A59E-4F01-AA56-8CB2CEF7C537}.Debug|Any CPU.ActiveCfg = Debug|Any CPU
		{BDE1BA1C-A59E-4F01-AA56-8CB2CEF7C537}.Debug|Any CPU.Build.0 = Debug|Any CPU
		{BDE1BA1C-A59E-4F01-AA56-8CB2CEF7C537}.Release|Any CPU.ActiveCfg = Release|Any CPU
		{BDE1BA1C-A59E-4F01-AA56-8CB2CEF7C537}.Release|Any CPU.Build.0 = Release|Any CPU
		{627E05C5-617A-4890-917F-4C36E610ACBC}.Debug|Any CPU.ActiveCfg = Debug|Any CPU
		{627E05C5-617A-4890-917F-4C36E610ACBC}.Debug|Any CPU.Build.0 = Debug|Any CPU
		{627E05C5-617A-4890-917F-4C36E610ACBC}.Release|Any CPU.ActiveCfg = Release|Any CPU
		{627E05C5-617A-4890-917F-4C36E610ACBC}.Release|Any CPU.Build.0 = Release|Any CPU
	EndGlobalSection
	GlobalSection(SolutionProperties) = preSolution
		HideSolutionNode = FALSE
	EndGlobalSection
	GlobalSection(ExtensibilityGlobals) = postSolution
		SolutionGuid = {AB6E6937-A51B-4A2F-A9C1-5DABFBE419EF}
	EndGlobalSection
EndGlobal
